
Microsoft Visual Studio Solution File, Format Version 12.00
# Visual Studio Version 17
VisualStudioVersion = 17.5.33530.505
MinimumVisualStudioVersion = 10.0.40219.1
Project("{FAE04EC0-301F-11D3-BF4B-00C04F79EFBC}") = "Semana05.Android", "Semana05\Semana05.Android\Semana05.Android.csproj", "{8EBED36C-662D-49D9-8E9F-80EEEEAD525C}"
EndProject
Project("{FAE04EC0-301F-11D3-BF4B-00C04F79EFBC}") = "Semana05.iOS", "Semana05\Semana05.iOS\Semana05.iOS.csproj", "{9101C9E4-A5D3-4FF3-99D3-18D970104E43}"
EndProject
Project("{FAE04EC0-301F-11D3-BF4B-00C04F79EFBC}") = "Semana05", "Semana05\Semana05\Semana05.csproj", "{615FD08E-198C-4B17-8030-E0E3EEEA6804}"
EndProject
Global
	GlobalSection(SolutionConfigurationPlatforms) = preSolution
		Debug|Any CPU = Debug|Any CPU
		Debug|iPhone = Debug|iPhone
		Debug|iPhoneSimulator = Debug|iPhoneSimulator
		Release|Any CPU = Release|Any CPU
		Release|iPhone = Release|iPhone
		Release|iPhoneSimulator = Release|iPhoneSimulator
	EndGlobalSection
	GlobalSection(ProjectConfigurationPlatforms) = postSolution
		{8EBED36C-662D-49D9-8E9F-80EEEEAD525C}.Debug|Any CPU.ActiveCfg = Debug|Any CPU
		{8EBED36C-662D-49D9-8E9F-80EEEEAD525C}.Debug|Any CPU.Build.0 = Debug|Any CPU
		{8EBED36C-662D-49D9-8E9F-80EEEEAD525C}.Debug|Any CPU.Deploy.0 = Debug|Any CPU
		{8EBED36C-662D-49D9-8E9F-80EEEEAD525C}.Debug|iPhone.ActiveCfg = Debug|Any CPU
		{8EBED36C-662D-49D9-8E9F-80EEEEAD525C}.Debug|iPhone.Build.0 = Debug|Any CPU
		{8EBED36C-662D-49D9-8E9F-80EEEEAD525C}.Debug|iPhone.Deploy.0 = Debug|Any CPU
		{8EBED36C-662D-49D9-8E9F-80EEEEAD525C}.Debug|iPhoneSimulator.ActiveCfg = Debug|Any CPU
		{8EBED36C-662D-49D9-8E9F-80EEEEAD525C}.Debug|iPhoneSimulator.Build.0 = Debug|Any CPU
		{8EBED36C-662D-49D9-8E9F-80EEEEAD525C}.Debug|iPhoneSimulator.Deploy.0 = Debug|Any CPU
		{8EBED36C-662D-49D9-8E9F-80EEEEAD525C}.Release|Any CPU.ActiveCfg = Release|Any CPU
		{8EBED36C-662D-49D9-8E9F-80EEEEAD525C}.Release|Any CPU.Build.0 = Release|Any CPU
		{8EBED36C-662D-49D9-8E9F-80EEEEAD525C}.Release|Any CPU.Deploy.0 = Release|Any CPU
		{8EBED36C-662D-49D9-8E9F-80EEEEAD525C}.Release|iPhone.ActiveCfg = Release|Any CPU
		{8EBED36C-662D-49D9-8E9F-80EEEEAD525C}.Release|iPhone.Build.0 = Release|Any CPU
		{8EBED36C-662D-49D9-8E9F-80EEEEAD525C}.Release|iPhone.Deploy.0 = Release|Any CPU
		{8EBED36C-662D-49D9-8E9F-80EEEEAD525C}.Release|iPhoneSimulator.ActiveCfg = Release|Any CPU
		{8EBED36C-662D-49D9-8E9F-80EEEEAD525C}.Release|iPhoneSimulator.Build.0 = Release|Any CPU
		{8EBED36C-662D-49D9-8E9F-80EEEEAD525C}.Release|iPhoneSimulator.Deploy.0 = Release|Any CPU
		{9101C9E4-A5D3-4FF3-99D3-18D970104E43}.Debug|Any CPU.ActiveCfg = Debug|iPhone
		{9101C9E4-A5D3-4FF3-99D3-18D970104E43}.Debug|Any CPU.Build.0 = Debug|iPhone
		{9101C9E4-A5D3-4FF3-99D3-18D970104E43}.Debug|Any CPU.Deploy.0 = Debug|iPhone
		{9101C9E4-A5D3-4FF3-99D3-18D970104E43}.Debug|iPhone.ActiveCfg = Debug|iPhone
		{9101C9E4-A5D3-4FF3-99D3-18D970104E43}.Debug|iPhone.Build.0 = Debug|iPhone
		{9101C9E4-A5D3-4FF3-99D3-18D970104E43}.Debug|iPhone.Deploy.0 = Debug|iPhone
		{9101C9E4-A5D3-4FF3-99D3-18D970104E43}.Debug|iPhoneSimulator.ActiveCfg = Debug|iPhoneSimulator
		{9101C9E4-A5D3-4FF3-99D3-18D970104E43}.Debug|iPhoneSimulator.Build.0 = Debug|iPhoneSimulator
		{9101C9E4-A5D3-4FF3-99D3-18D970104E43}.Debug|iPhoneSimulator.Deploy.0 = Debug|iPhoneSimulator
		{9101C9E4-A5D3-4FF3-99D3-18D970104E43}.Release|Any CPU.ActiveCfg = Release|iPhoneSimulator
		{9101C9E4-A5D3-4FF3-99D3-18D970104E43}.Release|Any CPU.Build.0 = Release|iPhoneSimulator
		{9101C9E4-A5D3-4FF3-99D3-18D970104E43}.Release|Any CPU.Deploy.0 = Release|iPhoneSimulator
		{9101C9E4-A5D3-4FF3-99D3-18D970104E43}.Release|iPhone.ActiveCfg = Release|iPhone
		{9101C9E4-A5D3-4FF3-99D3-18D970104E43}.Release|iPhone.Build.0 = Release|iPhone
		{9101C9E4-A5D3-4FF3-99D3-18D970104E43}.Release|iPhone.Deploy.0 = Release|iPhone
		{9101C9E4-A5D3-4FF3-99D3-18D970104E43}.Release|iPhoneSimulator.ActiveCfg = Release|iPhoneSimulator
		{9101C9E4-A5D3-4FF3-99D3-18D970104E43}.Release|iPhoneSimulator.Build.0 = Release|iPhoneSimulator
		{9101C9E4-A5D3-4FF3-99D3-18D970104E43}.Release|iPhoneSimulator.Deploy.0 = Release|iPhoneSimulator
		{615FD08E-198C-4B17-8030-E0E3EEEA6804}.Debug|Any CPU.ActiveCfg = Debug|Any CPU
		{615FD08E-198C-4B17-8030-E0E3EEEA6804}.Debug|Any CPU.Build.0 = Debug|Any CPU
		{615FD08E-198C-4B17-8030-E0E3EEEA6804}.Debug|Any CPU.Deploy.0 = Debug|Any CPU
		{615FD08E-198C-4B17-8030-E0E3EEEA6804}.Debug|iPhone.ActiveCfg = Debug|Any CPU
		{615FD08E-198C-4B17-8030-E0E3EEEA6804}.Debug|iPhone.Build.0 = Debug|Any CPU
		{615FD08E-198C-4B17-8030-E0E3EEEA6804}.Debug|iPhone.Deploy.0 = Debug|Any CPU
		{615FD08E-198C-4B17-8030-E0E3EEEA6804}.Debug|iPhoneSimulator.ActiveCfg = Debug|Any CPU
		{615FD08E-198C-4B17-8030-E0E3EEEA6804}.Debug|iPhoneSimulator.Build.0 = Debug|Any CPU
		{615FD08E-198C-4B17-8030-E0E3EEEA6804}.Debug|iPhoneSimulator.Deploy.0 = Debug|Any CPU
		{615FD08E-198C-4B17-8030-E0E3EEEA6804}.Release|Any CPU.ActiveCfg = Release|Any CPU
		{615FD08E-198C-4B17-8030-E0E3EEEA6804}.Release|Any CPU.Build.0 = Release|Any CPU
		{615FD08E-198C-4B17-8030-E0E3EEEA6804}.Release|Any CPU.Deploy.0 = Release|Any CPU
		{615FD08E-198C-4B17-8030-E0E3EEEA6804}.Release|iPhone.ActiveCfg = Release|Any CPU
		{615FD08E-198C-4B17-8030-E0E3EEEA6804}.Release|iPhone.Build.0 = Release|Any CPU
		{615FD08E-198C-4B17-8030-E0E3EEEA6804}.Release|iPhone.Deploy.0 = Release|Any CPU
		{615FD08E-198C-4B17-8030-E0E3EEEA6804}.Release|iPhoneSimulator.ActiveCfg = Release|Any CPU
		{615FD08E-198C-4B17-8030-E0E3EEEA6804}.Release|iPhoneSimulator.Build.0 = Release|Any CPU
		{615FD08E-198C-4B17-8030-E0E3EEEA6804}.Release|iPhoneSimulator.Deploy.0 = Release|Any CPU
	EndGlobalSection
	GlobalSection(SolutionProperties) = preSolution
		HideSolutionNode = FALSE
	EndGlobalSection
	GlobalSection(ExtensibilityGlobals) = postSolution
		SolutionGuid = {189B2FA3-A066-4AB2-B37D-1E54EE982C15}
	EndGlobalSection
EndGlobal
